// !$*UTF8*$!
{
	archiveVersion = 1;
	classes = {
	};
	objectVersion = 46;
	objects = {

/* Begin PBXBuildFile section */
		66DBB89E1DC7ED84007B5051 /* main.m in Sources */ = {isa = PBXBuildFile; fileRef = 66DBB89D1DC7ED84007B5051 /* main.m */; };
		66DBB8A11DC7ED84007B5051 /* AppDelegate.m in Sources */ = {isa = PBXBuildFile; fileRef = 66DBB8A01DC7ED84007B5051 /* AppDelegate.m */; };
		66DBB8A41DC7ED84007B5051 /* ViewController.m in Sources */ = {isa = PBXBuildFile; fileRef = 66DBB8A31DC7ED84007B5051 /* ViewController.m */; };
		66DBB8A71DC7ED84007B5051 /* Main.storyboard in Resources */ = {isa = PBXBuildFile; fileRef = 66DBB8A51DC7ED84007B5051 /* Main.storyboard */; };
		66DBB8A91DC7ED84007B5051 /* Assets.xcassets in Resources */ = {isa = PBXBuildFile; fileRef = 66DBB8A81DC7ED84007B5051 /* Assets.xcassets */; };
		66DBB8AC1DC7ED84007B5051 /* LaunchScreen.storyboard in Resources */ = {isa = PBXBuildFile; fileRef = 66DBB8AA1DC7ED84007B5051 /* LaunchScreen.storyboard */; };
		66DBB8B71DC7ED84007B5051 /* testGitTests.m in Sources */ = {isa = PBXBuildFile; fileRef = 66DBB8B61DC7ED84007B5051 /* testGitTests.m */; };
		66DBB8C21DC7ED84007B5051 /* testGitUITests.m in Sources */ = {isa = PBXBuildFile; fileRef = 66DBB8C11DC7ED84007B5051 /* testGitUITests.m */; };
/* End PBXBuildFile section */

/* Begin PBXContainerItemProxy section */
		66DBB8B31DC7ED84007B5051 /* PBXContainerItemProxy */ = {
			isa = PBXContainerItemProxy;
			containerPortal = 66DBB8911DC7ED84007B5051 /* Project object */;
			proxyType = 1;
			remoteGlobalIDString = 66DBB8981DC7ED84007B5051;
			remoteInfo = testGit;
		};
		66DBB8BE1DC7ED84007B5051 /* PBXContainerItemProxy */ = {
			isa = PBXContainerItemProxy;
			containerPortal = 66DBB8911DC7ED84007B5051 /* Project object */;
			proxyType = 1;
			remoteGlobalIDString = 66DBB8981DC7ED84007B5051;
			remoteInfo = testGit;
		};
/* End PBXContainerItemProxy section */

/* Begin PBXFileReference section */
		66DBB8991DC7ED84007B5051 /* testGit.app */ = {isa = PBXFileReference; explicitFileType = wrapper.application; includeInIndex = 0; path = testGit.app; sourceTree = BUILT_PRODUCTS_DIR; };
		66DBB89D1DC7ED84007B5051 /* main.m */ = {isa = PBXFileReference; lastKnownFileType = sourcecode.c.objc; path = main.m; sourceTree = "<group>"; };
		66DBB89F1DC7ED84007B5051 /* AppDelegate.h */ = {isa = PBXFileReference; lastKnownFileType = sourcecode.c.h; path = AppDelegate.h; sourceTree = "<group>"; };
		66DBB8A01DC7ED84007B5051 /* AppDelegate.m */ = {isa = PBXFileReference; lastKnownFileType = sourcecode.c.objc; path = AppDelegate.m; sourceTree = "<group>"; };
		66DBB8A21DC7ED84007B5051 /* ViewController.h */ = {isa = PBXFileReference; lastKnownFileType = sourcecode.c.h; path = ViewController.h; sourceTree = "<group>"; };
		66DBB8A31DC7ED84007B5051 /* ViewController.m */ = {isa = PBXFileReference; lastKnownFileType = sourcecode.c.objc; path = ViewController.m; sourceTree = "<group>"; };
		66DBB8A61DC7ED84007B5051 /* Base */ = {isa = PBXFileReference; lastKnownFileType = file.storyboard; name = Base; path = Base.lproj/Main.storyboard; sourceTree = "<group>"; };
		66DBB8A81DC7ED84007B5051 /* Assets.xcassets */ = {isa = PBXFileReference; lastKnownFileType = folder.assetcatalog; path = Assets.xcassets; sourceTree = "<group>"; };
		66DBB8AB1DC7ED84007B5051 /* Base */ = {isa = PBXFileReference; lastKnownFileType = file.storyboard; name = Base; path = Base.lproj/LaunchScreen.storyboard; sourceTree = "<group>"; };
		66DBB8AD1DC7ED84007B5051 /* Info.plist */ = {isa = PBXFileReference; lastKnownFileType = text.plist.xml; path = Info.plist; sourceTree = "<group>"; };
		66DBB8B21DC7ED84007B5051 /* testGitTests.xctest */ = {isa = PBXFileReference; explicitFileType = wrapper.cfbundle; includeInIndex = 0; path = testGitTests.xctest; sourceTree = BUILT_PRODUCTS_DIR; };
		66DBB8B61DC7ED84007B5051 /* testGitTests.m */ = {isa = PBXFileReference; lastKnownFileType = sourcecode.c.objc; path = testGitTests.m; sourceTree = "<group>"; };
		66DBB8B81DC7ED84007B5051 /* Info.plist */ = {isa = PBXFileReference; lastKnownFileType = text.plist.xml; path = Info.plist; sourceTree = "<group>"; };
		66DBB8BD1DC7ED84007B5051 /* testGitUITests.xctest */ = {isa = PBXFileReference; explicitFileType = wrapper.cfbundle; includeInIndex = 0; path = testGitUITests.xctest; sourceTree = BUILT_PRODUCTS_DIR; };
		66DBB8C11DC7ED84007B5051 /* testGitUITests.m */ = {isa = PBXFileReference; lastKnownFileType = sourcecode.c.objc; path = testGitUITests.m; sourceTree = "<group>"; };
		66DBB8C31DC7ED84007B5051 /* Info.plist */ = {isa = PBXFileReference; lastKnownFileType = text.plist.xml; path = Info.plist; sourceTree = "<group>"; };
/* End PBXFileReference section */

/* Begin PBXFrameworksBuildPhase section */
		66DBB8961DC7ED84007B5051 /* Frameworks */ = {
			isa = PBXFrameworksBuildPhase;
			buildActionMask = 2147483647;
			files = (
			);
			runOnlyForDeploymentPostprocessing = 0;
		};
		66DBB8AF1DC7ED84007B5051 /* Frameworks */ = {
			isa = PBXFrameworksBuildPhase;
			buildActionMask = 2147483647;
			files = (
			);
			runOnlyForDeploymentPostprocessing = 0;
		};
		66DBB8BA1DC7ED84007B5051 /* Frameworks */ = {
			isa = PBXFrameworksBuildPhase;
			buildActionMask = 2147483647;
			files = (
			);
			runOnlyForDeploymentPostprocessing = 0;
		};
/* End PBXFrameworksBuildPhase section */

/* Begin PBXGroup section */
		66DBB8901DC7ED84007B5051 = {
			isa = PBXGroup;
			children = (
				66DBB89B1DC7ED84007B5051 /* testGit */,
				66DBB8B51DC7ED84007B5051 /* testGitTests */,
				66DBB8C01DC7ED84007B5051 /* testGitUITests */,
				66DBB89A1DC7ED84007B5051 /* Products */,
			);
			sourceTree = "<group>";
		};
		66DBB89A1DC7ED84007B5051 /* Products */ = {
			isa = PBXGroup;
			children = (
				66DBB8991DC7ED84007B5051 /* testGit.app */,
				66DBB8B21DC7ED84007B5051 /* testGitTests.xctest */,
				66DBB8BD1DC7ED84007B5051 /* testGitUITests.xctest */,
			);
			name = Products;
			sourceTree = "<group>";
		};
		66DBB89B1DC7ED84007B5051 /* testGit */ = {
			isa = PBXGroup;
			children = (
				66DBB89F1DC7ED84007B5051 /* AppDelegate.h */,
				66DBB8A01DC7ED84007B5051 /* AppDelegate.m */,
				66DBB8A21DC7ED84007B5051 /* ViewController.h */,
				66DBB8A31DC7ED84007B5051 /* ViewController.m */,
				66DBB8A51DC7ED84007B5051 /* Main.storyboard */,
				66DBB8A81DC7ED84007B5051 /* Assets.xcassets */,
				66DBB8AA1DC7ED84007B5051 /* LaunchScreen.storyboard */,
				66DBB8AD1DC7ED84007B5051 /* Info.plist */,
				66DBB89C1DC7ED84007B5051 /* Supporting Files */,
			);
			path = testGit;
			sourceTree = "<group>";
		};
		66DBB89C1DC7ED84007B5051 /* Supporting Files */ = {
			isa = PBXGroup;
			children = (
				66DBB89D1DC7ED84007B5051 /* main.m */,
			);
			name = "Supporting Files";
			sourceTree = "<group>";
		};
		66DBB8B51DC7ED84007B5051 /* testGitTests */ = {
			isa = PBXGroup;
			children = (
				66DBB8B61DC7ED84007B5051 /* testGitTests.m */,
				66DBB8B81DC7ED84007B5051 /* Info.plist */,
			);
			path = testGitTests;
			sourceTree = "<group>";
		};
		66DBB8C01DC7ED84007B5051 /* testGitUITests */ = {
			isa = PBXGroup;
			children = (
				66DBB8C11DC7ED84007B5051 /* testGitUITests.m */,
				66DBB8C31DC7ED84007B5051 /* Info.plist */,
			);
			path = testGitUITests;
			sourceTree = "<group>";
		};
/* End PBXGroup section */

/* Begin PBXNativeTarget section */
		66DBB8981DC7ED84007B5051 /* testGit */ = {
			isa = PBXNativeTarget;
			buildConfigurationList = 66DBB8C61DC7ED84007B5051 /* Build configuration list for PBXNativeTarget "testGit" */;
			buildPhases = (
				66DBB8951DC7ED84007B5051 /* Sources */,
				66DBB8961DC7ED84007B5051 /* Frameworks */,
				66DBB8971DC7ED84007B5051 /* Resources */,
			);
			buildRules = (
			);
			dependencies = (
			);
			name = testGit;
			productName = testGit;
			productReference = 66DBB8991DC7ED84007B5051 /* testGit.app */;
			productType = "com.apple.product-type.application";
		};
		66DBB8B11DC7ED84007B5051 /* testGitTests */ = {
			isa = PBXNativeTarget;
			buildConfigurationList = 66DBB8C91DC7ED84007B5051 /* Build configuration list for PBXNativeTarget "testGitTests" */;
			buildPhases = (
				66DBB8AE1DC7ED84007B5051 /* Sources */,
				66DBB8AF1DC7ED84007B5051 /* Frameworks */,
				66DBB8B01DC7ED84007B5051 /* Resources */,
			);
			buildRules = (
			);
			dependencies = (
				66DBB8B41DC7ED84007B5051 /* PBXTargetDependency */,
			);
			name = testGitTests;
			productName = testGitTests;
			productReference = 66DBB8B21DC7ED84007B5051 /* testGitTests.xctest */;
			productType = "com.apple.product-type.bundle.unit-test";
		};
		66DBB8BC1DC7ED84007B5051 /* testGitUITests */ = {
			isa = PBXNativeTarget;
			buildConfigurationList = 66DBB8CC1DC7ED84007B5051 /* Build configuration list for PBXNativeTarget "testGitUITests" */;
			buildPhases = (
				66DBB8B91DC7ED84007B5051 /* Sources */,
				66DBB8BA1DC7ED84007B5051 /* Frameworks */,
				66DBB8BB1DC7ED84007B5051 /* Resources */,
			);
			buildRules = (
			);
			dependencies = (
				66DBB8BF1DC7ED84007B5051 /* PBXTargetDependency */,
			);
			name = testGitUITests;
			productName = testGitUITests;
			productReference = 66DBB8BD1DC7ED84007B5051 /* testGitUITests.xctest */;
			productType = "com.apple.product-type.bundle.ui-testing";
		};
/* End PBXNativeTarget section */

/* Begin PBXProject section */
		66DBB8911DC7ED84007B5051 /* Project object */ = {
			isa = PBXProject;
			attributes = {
				LastUpgradeCheck = 0810;
				ORGANIZATIONNAME = "Alessandro Petrolati";
				TargetAttributes = {
					66DBB8981DC7ED84007B5051 = {
						CreatedOnToolsVersion = 8.1;
						DevelopmentTeam = 4863C638XM;
						ProvisioningStyle = Automatic;
					};
					66DBB8B11DC7ED84007B5051 = {
						CreatedOnToolsVersion = 8.1;
						DevelopmentTeam = 4863C638XM;
						ProvisioningStyle = Automatic;
						TestTargetID = 66DBB8981DC7ED84007B5051;
					};
					66DBB8BC1DC7ED84007B5051 = {
						CreatedOnToolsVersion = 8.1;
						DevelopmentTeam = 4863C638XM;
						ProvisioningStyle = Automatic;
						TestTargetID = 66DBB8981DC7ED84007B5051;
					};
				};
			};
			buildConfigurationList = 66DBB8941DC7ED84007B5051 /* Build configuration list for PBXProject "testGit" */;
			compatibilityVersion = "Xcode 3.2";
			developmentRegion = English;
			hasScannedForEncodings = 0;
			knownRegions = (
				en,
				Base,
			);
			mainGroup = 66DBB8901DC7ED84007B5051;
			productRefGroup = 66DBB89A1DC7ED84007B5051 /* Products */;
			projectDirPath = "";
			projectRoot = "";
			targets = (
				66DBB8981DC7ED84007B5051 /* testGit */,
				66DBB8B11DC7ED84007B5051 /* testGitTests */,
				66DBB8BC1DC7ED84007B5051 /* testGitUITests */,
			);
		};
/* End PBXProject section */

/* Begin PBXResourcesBuildPhase section */
		66DBB8971DC7ED84007B5051 /* Resources */ = {
			isa = PBXResourcesBuildPhase;
			buildActionMask = 2147483647;
			files = (
				66DBB8AC1DC7ED84007B5051 /* LaunchScreen.storyboard in Resources */,
				66DBB8A91DC7ED84007B5051 /* Assets.xcassets in Resources */,
				66DBB8A71DC7ED84007B5051 /* Main.storyboard in Resources */,
			);
			runOnlyForDeploymentPostprocessing = 0;
		};
		66DBB8B01DC7ED84007B5051 /* Resources */ = {
			isa = PBXResourcesBuildPhase;
			buildActionMask = 2147483647;
			files = (
			);
			runOnlyForDeploymentPostprocessing = 0;
		};
		66DBB8BB1DC7ED84007B5051 /* Resources */ = {
			isa = PBXResourcesBuildPhase;
			buildActionMask = 2147483647;
			files = (
			);
			runOnlyForDeploymentPostprocessing = 0;
		};
/* End PBXResourcesBuildPhase section */

/* Begin PBXSourcesBuildPhase section */
		66DBB8951DC7ED84007B5051 /* Sources */ = {
			isa = PBXSourcesBuildPhase;
			buildActionMask = 2147483647;
			files = (
				66DBB8A41DC7ED84007B5051 /* ViewController.m in Sources */,
				66DBB8A11DC7ED84007B5051 /* AppDelegate.m in Sources */,
				66DBB89E1DC7ED84007B5051 /* main.m in Sources */,
			);
			runOnlyForDeploymentPostprocessing = 0;
		};
		66DBB8AE1DC7ED84007B5051 /* Sources */ = {
			isa = PBXSourcesBuildPhase;
			buildActionMask = 2147483647;
			files = (
				66DBB8B71DC7ED84007B5051 /* testGitTests.m in Sources */,
			);
			runOnlyForDeploymentPostprocessing = 0;
		};
		66DBB8B91DC7ED84007B5051 /* Sources */ = {
			isa = PBXSourcesBuildPhase;
			buildActionMask = 2147483647;
			files = (
				66DBB8C21DC7ED84007B5051 /* testGitUITests.m in Sources */,
			);
			runOnlyForDeploymentPostprocessing = 0;
		};
/* End PBXSourcesBuildPhase section */

/* Begin PBXTargetDependency section */
		66DBB8B41DC7ED84007B5051 /* PBXTargetDependency */ = {
			isa = PBXTargetDependency;
			target = 66DBB8981DC7ED84007B5051 /* testGit */;
			targetProxy = 66DBB8B31DC7ED84007B5051 /* PBXContainerItemProxy */;
		};
		66DBB8BF1DC7ED84007B5051 /* PBXTargetDependency */ = {
			isa = PBXTargetDependency;
			target = 66DBB8981DC7ED84007B5051 /* testGit */;
			targetProxy = 66DBB8BE1DC7ED84007B5051 /* PBXContainerItemProxy */;
		};
/* End PBXTargetDependency section */

/* Begin PBXVariantGroup section */
		66DBB8A51DC7ED84007B5051 /* Main.storyboard */ = {
			isa = PBXVariantGroup;
			children = (
				66DBB8A61DC7ED84007B5051 /* Base */,
			);
			name = Main.storyboard;
			sourceTree = "<group>";
		};
		66DBB8AA1DC7ED84007B5051 /* LaunchScreen.storyboard */ = {
			isa = PBXVariantGroup;
			children = (
				66DBB8AB1DC7ED84007B5051 /* Base */,
			);
			name = LaunchScreen.storyboard;
			sourceTree = "<group>";
		};
/* End PBXVariantGroup section */

/* Begin XCBuildConfiguration section */
		66DBB8C41DC7ED84007B5051 /* Debug */ = {
			isa = XCBuildConfiguration;
			buildSettings = {
				ALWAYS_SEARCH_USER_PATHS = NO;
				CLANG_ANALYZER_NONNULL = YES;
				CLANG_CXX_LANGUAGE_STANDARD = "gnu++0x";
				CLANG_CXX_LIBRARY = "libc++";
				CLANG_ENABLE_MODULES = YES;
				CLANG_ENABLE_OBJC_ARC = YES;
				CLANG_WARN_BOOL_CONVERSION = YES;
				CLANG_WARN_CONSTANT_CONVERSION = YES;
				CLANG_WARN_DIRECT_OBJC_ISA_USAGE = YES_ERROR;
				CLANG_WARN_DOCUMENTATION_COMMENTS = YES;
				CLANG_WARN_EMPTY_BODY = YES;
				CLANG_WARN_ENUM_CONVERSION = YES;
				CLANG_WARN_INFINITE_RECURSION = YES;
				CLANG_WARN_INT_CONVERSION = YES;
				CLANG_WARN_OBJC_ROOT_CLASS = YES_ERROR;
				CLANG_WARN_SUSPICIOUS_MOVES = YES;
				CLANG_WARN_UNREACHABLE_CODE = YES;
				CLANG_WARN__DUPLICATE_METHOD_MATCH = YES;
				"CODE_SIGN_IDENTITY[sdk=iphoneos*]" = "iPhone Developer";
				COPY_PHASE_STRIP = NO;
				DEBUG_INFORMATION_FORMAT = dwarf;
				ENABLE_STRICT_OBJC_MSGSEND = YES;
				ENABLE_TESTABILITY = YES;
				GCC_C_LANGUAGE_STANDARD = gnu99;
				GCC_DYNAMIC_NO_PIC = NO;
				GCC_NO_COMMON_BLOCKS = YES;
				GCC_OPTIMIZATION_LEVEL = 0;
				GCC_PREPROCESSOR_DEFINITIONS = (
					"DEBUG=1",
					"$(inherited)",
				);
				GCC_WARN_64_TO_32_BIT_CONVERSION = YES;
				GCC_WARN_ABOUT_RETURN_TYPE = YES_ERROR;
				GCC_WARN_UNDECLARED_SELECTOR = YES;
				GCC_WARN_UNINITIALIZED_AUTOS = YES_AGGRESSIVE;
				GCC_WARN_UNUSED_FUNCTION = YES;
				GCC_WARN_UNUSED_VARIABLE = YES;
				IPHONEOS_DEPLOYMENT_TARGET = 10.1;
				MTL_ENABLE_DEBUG_INFO = YES;
				ONLY_ACTIVE_ARCH = YES;
				SDKROOT = iphoneos;
				TARGETED_DEVICE_FAMILY = "1,2";
			};
			name = Debug;
		};
		66DBB8C51DC7ED84007B5051 /* Release */ = {
			isa = XCBuildConfiguration;
			buildSettings = {
				ALWAYS_SEARCH_USER_PATHS = NO;
				CLANG_ANALYZER_NONNULL = YES;
				CLANG_CXX_LANGUAGE_STANDARD = "gnu++0x";
				CLANG_CXX_LIBRARY = "libc++";
				CLANG_ENABLE_MODULES = YES;
				CLANG_ENABLE_OBJC_ARC = YES;
				CLANG_WARN_BOOL_CONVERSION = YES;
				CLANG_WARN_CONSTANT_CONVERSION = YES;
				CLANG_WARN_DIRECT_OBJC_ISA_USAGE = YES_ERROR;
				CLANG_WARN_DOCUMENTATION_COMMENTS = YES;
				CLANG_WARN_EMPTY_BODY = YES;
				CLANG_WARN_ENUM_CONVERSION = YES;
				CLANG_WARN_INFINITE_RECURSION = YES;
				CLANG_WARN_INT_CONVERSION = YES;
				CLANG_WARN_OBJC_ROOT_CLASS = YES_ERROR;
				CLANG_WARN_SUSPICIOUS_MOVES = YES;
				CLANG_WARN_UNREACHABLE_CODE = YES;
				CLANG_WARN__DUPLICATE_METHOD_MATCH = YES;
				"CODE_SIGN_IDENTITY[sdk=iphoneos*]" = "iPhone Developer";
				COPY_PHASE_STRIP = NO;
				DEBUG_INFORMATION_FORMAT = "dwarf-with-dsym";
				ENABLE_NS_ASSERTIONS = NO;
				ENABLE_STRICT_OBJC_MSGSEND = YES;
				GCC_C_LANGUAGE_STANDARD = gnu99;
				GCC_NO_COMMON_BLOCKS = YES;
				GCC_WARN_64_TO_32_BIT_CONVERSION = YES;
				GCC_WARN_ABOUT_RETURN_TYPE = YES_ERROR;
				GCC_WARN_UNDECLARED_SELECTOR = YES;
				GCC_WARN_UNINITIALIZED_AUTOS = YES_AGGRESSIVE;
				GCC_WARN_UNUSED_FUNCTION = YES;
				GCC_WARN_UNUSED_VARIABLE = YES;
				IPHONEOS_DEPLOYMENT_TARGET = 10.1;
				MTL_ENABLE_DEBUG_INFO = NO;
				SDKROOT = iphoneos;
				TARGETED_DEVICE_FAMILY = "1,2";
				VALIDATE_PRODUCT = YES;
			};
			name = Release;
		};
		66DBB8C71DC7ED84007B5051 /* Debug */ = {
			isa = XCBuildConfiguration;
			buildSettings = {
				ASSETCATALOG_COMPILER_APPICON_NAME = AppIcon;
				DEVELOPMENT_TEAM = 4863C638XM;
				INFOPLIST_FILE = testGit/Info.plist;
				LD_RUNPATH_SEARCH_PATHS = "$(inherited) @executable_path/Frameworks";
				PRODUCT_BUNDLE_IDENTIFIER = com.test.ape.testGit;
				PRODUCT_NAME = "$(TARGET_NAME)";
			};
			name = Debug;
		};
		66DBB8C81DC7ED84007B5051 /* Release */ = {
			isa = XCBuildConfiguration;
			buildSettings = {
				ASSETCATALOG_COMPILER_APPICON_NAME = AppIcon;
				DEVELOPMENT_TEAM = 4863C638XM;
				INFOPLIST_FILE = testGit/Info.plist;
				LD_RUNPATH_SEARCH_PATHS = "$(inherited) @executable_path/Frameworks";
				PRODUCT_BUNDLE_IDENTIFIER = com.test.ape.testGit;
				PRODUCT_NAME = "$(TARGET_NAME)";
			};
			name = Release;
		};
		66DBB8CA1DC7ED84007B5051 /* Debug */ = {
			isa = XCBuildConfiguration;
			buildSettings = {
				BUNDLE_LOADER = "$(TEST_HOST)";
				DEVELOPMENT_TEAM = 4863C638XM;
				INFOPLIST_FILE = testGitTests/Info.plist;
				LD_RUNPATH_SEARCH_PATHS = "$(inherited) @executable_path/Frameworks @loader_path/Frameworks";
				PRODUCT_BUNDLE_IDENTIFIER = com.test.ape.testGitTests;
				PRODUCT_NAME = "$(TARGET_NAME)";
				TEST_HOST = "$(BUILT_PRODUCTS_DIR)/testGit.app/testGit";
			};
			name = Debug;
		};
		66DBB8CB1DC7ED84007B5051 /* Release */ = {
			isa = XCBuildConfiguration;
			buildSettings = {
				BUNDLE_LOADER = "$(TEST_HOST)";
				DEVELOPMENT_TEAM = 4863C638XM;
				INFOPLIST_FILE = testGitTests/Info.plist;
				LD_RUNPATH_SEARCH_PATHS = "$(inherited) @executable_path/Frameworks @loader_path/Frameworks";
				PRODUCT_BUNDLE_IDENTIFIER = com.test.ape.testGitTests;
				PRODUCT_NAME = "$(TARGET_NAME)";
				TEST_HOST = "$(BUILT_PRODUCTS_DIR)/testGit.app/testGit";
			};
			name = Release;
		};
		66DBB8CD1DC7ED84007B5051 /* Debug */ = {
			isa = XCBuildConfiguration;
			buildSettings = {
				DEVELOPMENT_TEAM = 4863C638XM;
				INFOPLIST_FILE = testGitUITests/Info.plist;
				LD_RUNPATH_SEARCH_PATHS = "$(inherited) @executable_path/Frameworks @loader_path/Frameworks";
				PRODUCT_BUNDLE_IDENTIFIER = com.test.ape.testGitUITests;
				PRODUCT_NAME = "$(TARGET_NAME)";
				TEST_TARGET_NAME = testGit;
			};
			name = Debug;
		};
		66DBB8CE1DC7ED84007B5051 /* Release */ = {
			isa = XCBuildConfiguration;
			buildSettings = {
				DEVELOPMENT_TEAM = 4863C638XM;
				INFOPLIST_FILE = testGitUITests/Info.plist;
				LD_RUNPATH_SEARCH_PATHS = "$(inherited) @executable_path/Frameworks @loader_path/Frameworks";
				PRODUCT_BUNDLE_IDENTIFIER = com.test.ape.testGitUITests;
				PRODUCT_NAME = "$(TARGET_NAME)";
				TEST_TARGET_NAME = testGit;
			};
			name = Release;
		};
/* End XCBuildConfiguration section */

/* Begin XCConfigurationList section */
		66DBB8941DC7ED84007B5051 /* Build configuration list for PBXProject "testGit" */ = {
			isa = XCConfigurationList;
			buildConfigurations = (
				66DBB8C41DC7ED84007B5051 /* Debug */,
				66DBB8C51DC7ED84007B5051 /* Release */,
			);
			defaultConfigurationIsVisible = 0;
			defaultConfigurationName = Release;
		};
		66DBB8C61DC7ED84007B5051 /* Build configuration list for PBXNativeTarget "testGit" */ = {
			isa = XCConfigurationList;
			buildConfigurations = (
				66DBB8C71DC7ED84007B5051 /* Debug */,
				66DBB8C81DC7ED84007B5051 /* Release */,
			);
			defaultConfigurationIsVisible = 0;
		};
		66DBB8C91DC7ED84007B5051 /* Build configuration list for PBXNativeTarget "testGitTests" */ = {
			isa = XCConfigurationList;
			buildConfigurations = (
				66DBB8CA1DC7ED84007B5051 /* Debug */,
				66DBB8CB1DC7ED84007B5051 /* Release */,
			);
			defaultConfigurationIsVisible = 0;
		};
		66DBB8CC1DC7ED84007B5051 /* Build configuration list for PBXNativeTarget "testGitUITests" */ = {
			isa = XCConfigurationList;
			buildConfigurations = (
				66DBB8CD1DC7ED84007B5051 /* Debug */,
				66DBB8CE1DC7ED84007B5051 /* Release */,
			);
			defaultConfigurationIsVisible = 0;
		};
/* End XCConfigurationList section */
	};
	rootObject = 66DBB8911DC7ED84007B5051 /* Project object */;
}
